// !$*UTF8*$!
{
	archiveVersion = 1;
	classes = {
	};
	objectVersion = 46;
	objects = {

/* Begin PBXBuildFile section */
		FA2FD9EE1D1149870003327A /* Assets.xcassets in Resources */ = {isa = PBXBuildFile; fileRef = FA2FD9ED1D1149870003327A /* Assets.xcassets */; };
		FA2FDA821D114BAB0003327A /* AdjustableTextField.swift in Sources */ = {isa = PBXBuildFile; fileRef = FA2FDA071D114BAB0003327A /* AdjustableTextField.swift */; };
		FA2FDA841D114BAB0003327A /* DecimalPadPopover.swift in Sources */ = {isa = PBXBuildFile; fileRef = FA2FDA091D114BAB0003327A /* DecimalPadPopover.swift */; };
		FA2FDA851D114BAB0003327A /* DecimalPadPopover.xib in Resources */ = {isa = PBXBuildFile; fileRef = FA2FDA0A1D114BAB0003327A /* DecimalPadPopover.xib */; };
		FA2FDA861D114BAB0003327A /* EFIS.swift in Sources */ = {isa = PBXBuildFile; fileRef = FA2FDA0B1D114BAB0003327A /* EFIS.swift */; };
		FA2FDA871D114BAB0003327A /* GlassBox.swift in Sources */ = {isa = PBXBuildFile; fileRef = FA2FDA0C1D114BAB0003327A /* GlassBox.swift */; };
		FA2FDA881D114BAB0003327A /* GlassIndicator.swift in Sources */ = {isa = PBXBuildFile; fileRef = FA2FDA0D1D114BAB0003327A /* GlassIndicator.swift */; };
		FA2FDA891D114BAB0003327A /* GlassLabel.swift in Sources */ = {isa = PBXBuildFile; fileRef = FA2FDA0E1D114BAB0003327A /* GlassLabel.swift */; };
		FA2FDA8A1D114BAB0003327A /* GroupedTableViewController.swift in Sources */ = {isa = PBXBuildFile; fileRef = FA2FDA0F1D114BAB0003327A /* GroupedTableViewController.swift */; };
		FA2FDA8B1D114BAB0003327A /* MessageView.swift in Sources */ = {isa = PBXBuildFile; fileRef = FA2FDA101D114BAB0003327A /* MessageView.swift */; };
		FA2FDA8C1D114BAB0003327A /* SelectionPopover.swift in Sources */ = {isa = PBXBuildFile; fileRef = FA2FDA111D114BAB0003327A /* SelectionPopover.swift */; };
		FA2FDA8D1D114BAB0003327A /* SelectionTableViewController.swift in Sources */ = {isa = PBXBuildFile; fileRef = FA2FDA121D114BAB0003327A /* SelectionTableViewController.swift */; };
		FA2FDA8E1D114BAB0003327A /* StaticAdjustableTextField.swift in Sources */ = {isa = PBXBuildFile; fileRef = FA2FDA131D114BAB0003327A /* StaticAdjustableTextField.swift */; };
		FA2FDA8F1D114BAB0003327A /* StaticAdjustableTextField.xib in Resources */ = {isa = PBXBuildFile; fileRef = FA2FDA141D114BAB0003327A /* StaticAdjustableTextField.xib */; };
		FA2FDA901D114BAB0003327A /* iPad.storyboard in Resources */ = {isa = PBXBuildFile; fileRef = FA2FDA161D114BAB0003327A /* iPad.storyboard */; };
		FA2FDA911D114BAB0003327A /* iPhone.storyboard in Resources */ = {isa = PBXBuildFile; fileRef = FA2FDA171D114BAB0003327A /* iPhone.storyboard */; };
		FA2FDA921D114BAB0003327A /* LaunchScreen.storyboard in Resources */ = {isa = PBXBuildFile; fileRef = FA2FDA181D114BAB0003327A /* LaunchScreen.storyboard */; };
		FA2FDA931D114BAB0003327A /* Preferences.storyboard in Resources */ = {isa = PBXBuildFile; fileRef = FA2FDA191D114BAB0003327A /* Preferences.storyboard */; };
		FA2FDA941D114BAB0003327A /* Uni.storyboard in Resources */ = {isa = PBXBuildFile; fileRef = FA2FDA1A1D114BAB0003327A /* Uni.storyboard */; };
		FA2FDA951D114BAB0003327A /* CLIViewController.swift in Sources */ = {isa = PBXBuildFile; fileRef = FA2FDA1D1D114BAB0003327A /* CLIViewController.swift */; };
		FA2FDA961D114BAB0003327A /* CLITabViewController.swift in Sources */ = {isa = PBXBuildFile; fileRef = FA2FDA1E1D114BAB0003327A /* CLITabViewController.swift */; };
		FA2FDA971D114BAB0003327A /* ConfigTableViewController.swift in Sources */ = {isa = PBXBuildFile; fileRef = FA2FDA1F1D114BAB0003327A /* ConfigTableViewController.swift */; };
		FA2FDA981D114BAB0003327A /* AppConfigViewController.swift in Sources */ = {isa = PBXBuildFile; fileRef = FA2FDA211D114BAB0003327A /* AppConfigViewController.swift */; };
		FA2FDA991D114BAB0003327A /* AppLogViewController.swift in Sources */ = {isa = PBXBuildFile; fileRef = FA2FDA221D114BAB0003327A /* AppLogViewController.swift */; };
		FA2FDA9A1D114BAB0003327A /* GeneralConfigViewController.swift in Sources */ = {isa = PBXBuildFile; fileRef = FA2FDA231D114BAB0003327A /* GeneralConfigViewController.swift */; };
		FA2FDA9B1D114BAB0003327A /* MotorConfigViewController.swift in Sources */ = {isa = PBXBuildFile; fileRef = FA2FDA241D114BAB0003327A /* MotorConfigViewController.swift */; };
		FA2FDA9C1D114BAB0003327A /* PortsConfigViewController.swift in Sources */ = {isa = PBXBuildFile; fileRef = FA2FDA251D114BAB0003327A /* PortsConfigViewController.swift */; };
		FA2FDA9D1D114BAB0003327A /* ReceiverConfigViewController.swift in Sources */ = {isa = PBXBuildFile; fileRef = FA2FDA261D114BAB0003327A /* ReceiverConfigViewController.swift */; };
		FA2FDA9E1D114BAB0003327A /* ReceiverInputViewController.swift in Sources */ = {isa = PBXBuildFile; fileRef = FA2FDA271D114BAB0003327A /* ReceiverInputViewController.swift */; };
		FA2FDA9F1D114BAB0003327A /* ConnectViewController.swift in Sources */ = {isa = PBXBuildFile; fileRef = FA2FDA291D114BAB0003327A /* ConnectViewController.swift */; };
		FA2FDAA01D114BAB0003327A /* HomeViewController.swift in Sources */ = {isa = PBXBuildFile; fileRef = FA2FDA2A1D114BAB0003327A /* HomeViewController.swift */; };
		FA2FDAA11D114BAB0003327A /* DateFieldCell.xib in Resources */ = {isa = PBXBuildFile; fileRef = FA2FDA2C1D114BAB0003327A /* DateFieldCell.xib */; };
		FA2FDAA21D114BAB0003327A /* NameFieldCell.xib in Resources */ = {isa = PBXBuildFile; fileRef = FA2FDA2D1D114BAB0003327A /* NameFieldCell.xib */; };
		FA2FDAA31D114BAB0003327A /* SingleFieldCell.xib in Resources */ = {isa = PBXBuildFile; fileRef = FA2FDA2E1D114BAB0003327A /* SingleFieldCell.xib */; };
		FA2FDAA41D114BAB0003327A /* TripleFieldCell.xib in Resources */ = {isa = PBXBuildFile; fileRef = FA2FDA2F1D114BAB0003327A /* TripleFieldCell.xib */; };
		FA2FDAA51D114BAB0003327A /* TuningSnapshotDetailTableViewController.swift in Sources */ = {isa = PBXBuildFile; fileRef = FA2FDA301D114BAB0003327A /* TuningSnapshotDetailTableViewController.swift */; };
		FA2FDAA61D114BAB0003327A /* TuningSnapshotTableViewController.swift in Sources */ = {isa = PBXBuildFile; fileRef = FA2FDA311D114BAB0003327A /* TuningSnapshotTableViewController.swift */; };
		FA2FDAA71D114BAB0003327A /* TuningViewController.swift in Sources */ = {isa = PBXBuildFile; fileRef = FA2FDA321D114BAB0003327A /* TuningViewController.swift */; };
		FA2FDAA81D114BAB0003327A /* ASCII.swift in Sources */ = {isa = PBXBuildFile; fileRef = FA2FDA351D114BAB0003327A /* ASCII.swift */; };
		FA2FDAA91D114BAB0003327A /* Vjson.swift in Sources */ = {isa = PBXBuildFile; fileRef = FA2FDA361D114BAB0003327A /* Vjson.swift */; };
		FA2FDAAA1D114BAB0003327A /* MRBlurView.m in Sources */ = {isa = PBXBuildFile; fileRef = FA2FDA3A1D114BAB0003327A /* MRBlurView.m */; };
		FA2FDAAB1D114BAB0003327A /* UIImage+MRImageEffects.m in Sources */ = {isa = PBXBuildFile; fileRef = FA2FDA3C1D114BAB0003327A /* UIImage+MRImageEffects.m */; };
		FA2FDAAC1D114BAB0003327A /* MRActivityIndicatorView.m in Sources */ = {isa = PBXBuildFile; fileRef = FA2FDA3F1D114BAB0003327A /* MRActivityIndicatorView.m */; };
		FA2FDAAD1D114BAB0003327A /* MRCircularProgressView.m in Sources */ = {isa = PBXBuildFile; fileRef = FA2FDA411D114BAB0003327A /* MRCircularProgressView.m */; };
		FA2FDAAE1D114BAB0003327A /* MRIconView.m in Sources */ = {isa = PBXBuildFile; fileRef = FA2FDA431D114BAB0003327A /* MRIconView.m */; };
		FA2FDAAF1D114BAB0003327A /* MRNavigationBarProgressView.m in Sources */ = {isa = PBXBuildFile; fileRef = FA2FDA451D114BAB0003327A /* MRNavigationBarProgressView.m */; };
		FA2FDAB01D114BAB0003327A /* MRProgressOverlayView.m in Sources */ = {isa = PBXBuildFile; fileRef = FA2FDA471D114BAB0003327A /* MRProgressOverlayView.m */; };
		FA2FDAB11D114BAB0003327A /* MRProgressView.m in Sources */ = {isa = PBXBuildFile; fileRef = FA2FDA491D114BAB0003327A /* MRProgressView.m */; };
		FA2FDAB21D114BAB0003327A /* MRStopButton.m in Sources */ = {isa = PBXBuildFile; fileRef = FA2FDA4C1D114BAB0003327A /* MRStopButton.m */; };
		FA2FDAB31D114BAB0003327A /* MRMessageInterceptor.m in Sources */ = {isa = PBXBuildFile; fileRef = FA2FDA501D114BAB0003327A /* MRMessageInterceptor.m */; };
		FA2FDAB41D114BAB0003327A /* MRMethodCopier.m in Sources */ = {isa = PBXBuildFile; fileRef = FA2FDA521D114BAB0003327A /* MRMethodCopier.m */; };
		FA2FDAB51D114BAB0003327A /* MRWeakProxy.m in Sources */ = {isa = PBXBuildFile; fileRef = FA2FDA551D114BAB0003327A /* MRWeakProxy.m */; };
		FA2FDAB61D114BAB0003327A /* SwiftWebVC.strings in Resources */ = {isa = PBXBuildFile; fileRef = FA2FDA571D114BAB0003327A /* SwiftWebVC.strings */; };
		FA2FDAB71D114BAB0003327A /* SwiftModalWebVC.swift in Sources */ = {isa = PBXBuildFile; fileRef = FA2FDA601D114BAB0003327A /* SwiftModalWebVC.swift */; };
		FA2FDAB81D114BAB0003327A /* SwiftWebVC.bundle in Resources */ = {isa = PBXBuildFile; fileRef = FA2FDA611D114BAB0003327A /* SwiftWebVC.bundle */; };
		FA2FDAB91D114BAB0003327A /* SwiftWebVC.swift in Sources */ = {isa = PBXBuildFile; fileRef = FA2FDA621D114BAB0003327A /* SwiftWebVC.swift */; };
		FA2FDABA1D114BAB0003327A /* SwiftWebVCActivityChrome-iPad.png in Resources */ = {isa = PBXBuildFile; fileRef = FA2FDA651D114BAB0003327A /* SwiftWebVCActivityChrome-iPad.png */; };
		FA2FDABB1D114BAB0003327A /* SwiftWebVCActivityChrome-iPad@2x.png in Resources */ = {isa = PBXBuildFile; fileRef = FA2FDA661D114BAB0003327A /* SwiftWebVCActivityChrome-iPad@2x.png */; };
		FA2FDABC1D114BAB0003327A /* SwiftWebVCActivityChrome.swift in Sources */ = {isa = PBXBuildFile; fileRef = FA2FDA671D114BAB0003327A /* SwiftWebVCActivityChrome.swift */; };
		FA2FDABD1D114BAB0003327A /* SwiftWebVCActivityChrome@2x.png in Resources */ = {isa = PBXBuildFile; fileRef = FA2FDA681D114BAB0003327A /* SwiftWebVCActivityChrome@2x.png */; };
		FA2FDABE1D114BAB0003327A /* SwiftWebVCActivitySafari-iPad.png in Resources */ = {isa = PBXBuildFile; fileRef = FA2FDA6A1D114BAB0003327A /* SwiftWebVCActivitySafari-iPad.png */; };
		FA2FDABF1D114BAB0003327A /* SwiftWebVCActivitySafari-iPad@2x.png in Resources */ = {isa = PBXBuildFile; fileRef = FA2FDA6B1D114BAB0003327A /* SwiftWebVCActivitySafari-iPad@2x.png */; };
		FA2FDAC01D114BAB0003327A /* SwiftWebVCActivitySafari.swift in Sources */ = {isa = PBXBuildFile; fileRef = FA2FDA6C1D114BAB0003327A /* SwiftWebVCActivitySafari.swift */; };
		FA2FDAC11D114BAB0003327A /* SwiftWebVCActivitySafari@2x.png in Resources */ = {isa = PBXBuildFile; fileRef = FA2FDA6D1D114BAB0003327A /* SwiftWebVCActivitySafari@2x.png */; };
		FA2FDAC21D114BAB0003327A /* SwiftWebVCActivity.swift in Sources */ = {isa = PBXBuildFile; fileRef = FA2FDA6E1D114BAB0003327A /* SwiftWebVCActivity.swift */; };
		FA2FDAC31D114BAB0003327A /* AppLog.swift in Sources */ = {isa = PBXBuildFile; fileRef = FA2FDA721D114BAB0003327A /* AppLog.swift */; };
		FA2FDAC41D114BAB0003327A /* BluetoothDevice.swift in Sources */ = {isa = PBXBuildFile; fileRef = FA2FDA731D114BAB0003327A /* BluetoothDevice.swift */; };
		FA2FDAC51D114BAB0003327A /* Extensions.swift in Sources */ = {isa = PBXBuildFile; fileRef = FA2FDA741D114BAB0003327A /* Extensions.swift */; };
		FA2FDAC61D114BAB0003327A /* Extra.swift in Sources */ = {isa = PBXBuildFile; fileRef = FA2FDA751D114BAB0003327A /* Extra.swift */; };
		FA2FDAC71D114BAB0003327A /* Math.swift in Sources */ = {isa = PBXBuildFile; fileRef = FA2FDA761D114BAB0003327A /* Math.swift */; };
		FA2FDAC81D114BAB0003327A /* SerialPortConfig.swift in Sources */ = {isa = PBXBuildFile; fileRef = FA2FDA771D114BAB0003327A /* SerialPortConfig.swift */; };
		FA2FDAC91D114BAB0003327A /* TuningSnapshot.swift in Sources */ = {isa = PBXBuildFile; fileRef = FA2FDA781D114BAB0003327A /* TuningSnapshot.swift */; };
		FA2FDACA1D114BAB0003327A /* Version.swift in Sources */ = {isa = PBXBuildFile; fileRef = FA2FDA791D114BAB0003327A /* Version.swift */; };
		FA2FDACB1D114BAB0003327A /* BluetoothSerial.swift in Sources */ = {isa = PBXBuildFile; fileRef = FA2FDA7B1D114BAB0003327A /* BluetoothSerial.swift */; };
		FA2FDACC1D114BAB0003327A /* MSPInterpreter.swift in Sources */ = {isa = PBXBuildFile; fileRef = FA2FDA7C1D114BAB0003327A /* MSPInterpreter.swift */; };
		FA2FDACD1D114BAB0003327A /* Constants.swift in Sources */ = {isa = PBXBuildFile; fileRef = FA2FDA7E1D114BAB0003327A /* Constants.swift */; };
		FA2FDACE1D114BAB0003327A /* DataStorage.swift in Sources */ = {isa = PBXBuildFile; fileRef = FA2FDA7F1D114BAB0003327A /* DataStorage.swift */; };
		FA2FDACF1D114BAB0003327A /* Globals.swift in Sources */ = {isa = PBXBuildFile; fileRef = FA2FDA801D114BAB0003327A /* Globals.swift */; };
		FA2FDAD01D114BAB0003327A /* AppDelegate.swift in Sources */ = {isa = PBXBuildFile; fileRef = FA2FDA811D114BAB0003327A /* AppDelegate.swift */; };
/* End PBXBuildFile section */

/* Begin PBXFileReference section */
		FA2FD9E31D1149870003327A /* Eaze.app */ = {isa = PBXFileReference; explicitFileType = wrapper.application; includeInIndex = 0; path = Eaze.app; sourceTree = BUILT_PRODUCTS_DIR; };
		FA2FD9ED1D1149870003327A /* Assets.xcassets */ = {isa = PBXFileReference; lastKnownFileType = folder.assetcatalog; path = Assets.xcassets; sourceTree = "<group>"; };
		FA2FD9F21D1149870003327A /* Info.plist */ = {isa = PBXFileReference; lastKnownFileType = text.plist.xml; path = Info.plist; sourceTree = "<group>"; };
		FA2FD9F81D114B020003327A /* Eaze-Bridging-Header.h */ = {isa = PBXFileReference; lastKnownFileType = sourcecode.c.h; path = "Eaze-Bridging-Header.h"; sourceTree = "<group>"; };
		FA2FDA071D114BAB0003327A /* AdjustableTextField.swift */ = {isa = PBXFileReference; fileEncoding = 4; lastKnownFileType = sourcecode.swift; path = AdjustableTextField.swift; sourceTree = "<group>"; };
		FA2FDA091D114BAB0003327A /* DecimalPadPopover.swift */ = {isa = PBXFileReference; fileEncoding = 4; lastKnownFileType = sourcecode.swift; path = DecimalPadPopover.swift; sourceTree = "<group>"; };
		FA2FDA0A1D114BAB0003327A /* DecimalPadPopover.xib */ = {isa = PBXFileReference; fileEncoding = 4; lastKnownFileType = file.xib; path = DecimalPadPopover.xib; sourceTree = "<group>"; };
		FA2FDA0B1D114BAB0003327A /* EFIS.swift */ = {isa = PBXFileReference; fileEncoding = 4; lastKnownFileType = sourcecode.swift; path = EFIS.swift; sourceTree = "<group>"; };
		FA2FDA0C1D114BAB0003327A /* GlassBox.swift */ = {isa = PBXFileReference; fileEncoding = 4; lastKnownFileType = sourcecode.swift; path = GlassBox.swift; sourceTree = "<group>"; };
		FA2FDA0D1D114BAB0003327A /* GlassIndicator.swift */ = {isa = PBXFileReference; fileEncoding = 4; lastKnownFileType = sourcecode.swift; path = GlassIndicator.swift; sourceTree = "<group>"; };
		FA2FDA0E1D114BAB0003327A /* GlassLabel.swift */ = {isa = PBXFileReference; fileEncoding = 4; lastKnownFileType = sourcecode.swift; path = GlassLabel.swift; sourceTree = "<group>"; };
		FA2FDA0F1D114BAB0003327A /* GroupedTableViewController.swift */ = {isa = PBXFileReference; fileEncoding = 4; lastKnownFileType = sourcecode.swift; path = GroupedTableViewController.swift; sourceTree = "<group>"; };
		FA2FDA101D114BAB0003327A /* MessageView.swift */ = {isa = PBXFileReference; fileEncoding = 4; lastKnownFileType = sourcecode.swift; path = MessageView.swift; sourceTree = "<group>"; };
		FA2FDA111D114BAB0003327A /* SelectionPopover.swift */ = {isa = PBXFileReference; fileEncoding = 4; lastKnownFileType = sourcecode.swift; path = SelectionPopover.swift; sourceTree = "<group>"; };
		FA2FDA121D114BAB0003327A /* SelectionTableViewController.swift */ = {isa = PBXFileReference; fileEncoding = 4; lastKnownFileType = sourcecode.swift; path = SelectionTableViewController.swift; sourceTree = "<group>"; };
		FA2FDA131D114BAB0003327A /* StaticAdjustableTextField.swift */ = {isa = PBXFileReference; fileEncoding = 4; lastKnownFileType = sourcecode.swift; path = StaticAdjustableTextField.swift; sourceTree = "<group>"; };
		FA2FDA141D114BAB0003327A /* StaticAdjustableTextField.xib */ = {isa = PBXFileReference; fileEncoding = 4; lastKnownFileType = file.xib; path = StaticAdjustableTextField.xib; sourceTree = "<group>"; };
		FA2FDA161D114BAB0003327A /* iPad.storyboard */ = {isa = PBXFileReference; fileEncoding = 4; lastKnownFileType = file.storyboard; path = iPad.storyboard; sourceTree = "<group>"; };
		FA2FDA171D114BAB0003327A /* iPhone.storyboard */ = {isa = PBXFileReference; fileEncoding = 4; lastKnownFileType = file.storyboard; path = iPhone.storyboard; sourceTree = "<group>"; };
		FA2FDA181D114BAB0003327A /* LaunchScreen.storyboard */ = {isa = PBXFileReference; fileEncoding = 4; lastKnownFileType = file.storyboard; path = LaunchScreen.storyboard; sourceTree = "<group>"; };
		FA2FDA191D114BAB0003327A /* Preferences.storyboard */ = {isa = PBXFileReference; fileEncoding = 4; lastKnownFileType = file.storyboard; path = Preferences.storyboard; sourceTree = "<group>"; };
		FA2FDA1A1D114BAB0003327A /* Uni.storyboard */ = {isa = PBXFileReference; fileEncoding = 4; lastKnownFileType = file.storyboard; path = Uni.storyboard; sourceTree = "<group>"; };
		FA2FDA1D1D114BAB0003327A /* CLIViewController.swift */ = {isa = PBXFileReference; fileEncoding = 4; lastKnownFileType = sourcecode.swift; path = CLIViewController.swift; sourceTree = "<group>"; };
		FA2FDA1E1D114BAB0003327A /* CLITabViewController.swift */ = {isa = PBXFileReference; fileEncoding = 4; lastKnownFileType = sourcecode.swift; path = CLITabViewController.swift; sourceTree = "<group>"; };
		FA2FDA1F1D114BAB0003327A /* ConfigTableViewController.swift */ = {isa = PBXFileReference; fileEncoding = 4; lastKnownFileType = sourcecode.swift; path = ConfigTableViewController.swift; sourceTree = "<group>"; };
		FA2FDA211D114BAB0003327A /* AppConfigViewController.swift */ = {isa = PBXFileReference; fileEncoding = 4; lastKnownFileType = sourcecode.swift; path = AppConfigViewController.swift; sourceTree = "<group>"; };
		FA2FDA221D114BAB0003327A /* AppLogViewController.swift */ = {isa = PBXFileReference; fileEncoding = 4; lastKnownFileType = sourcecode.swift; path = AppLogViewController.swift; sourceTree = "<group>"; };
		FA2FDA231D114BAB0003327A /* GeneralConfigViewController.swift */ = {isa = PBXFileReference; fileEncoding = 4; lastKnownFileType = sourcecode.swift; path = GeneralConfigViewController.swift; sourceTree = "<group>"; };
		FA2FDA241D114BAB0003327A /* MotorConfigViewController.swift */ = {isa = PBXFileReference; fileEncoding = 4; lastKnownFileType = sourcecode.swift; path = MotorConfigViewController.swift; sourceTree = "<group>"; };
		FA2FDA251D114BAB0003327A /* PortsConfigViewController.swift */ = {isa = PBXFileReference; fileEncoding = 4; lastKnownFileType = sourcecode.swift; path = PortsConfigViewController.swift; sourceTree = "<group>"; };
		FA2FDA261D114BAB0003327A /* ReceiverConfigViewController.swift */ = {isa = PBXFileReference; fileEncoding = 4; lastKnownFileType = sourcecode.swift; path = ReceiverConfigViewController.swift; sourceTree = "<group>"; };
		FA2FDA271D114BAB0003327A /* ReceiverInputViewController.swift */ = {isa = PBXFileReference; fileEncoding = 4; lastKnownFileType = sourcecode.swift; path = ReceiverInputViewController.swift; sourceTree = "<group>"; };
		FA2FDA291D114BAB0003327A /* ConnectViewController.swift */ = {isa = PBXFileReference; fileEncoding = 4; lastKnownFileType = sourcecode.swift; path = ConnectViewController.swift; sourceTree = "<group>"; };
		FA2FDA2A1D114BAB0003327A /* HomeViewController.swift */ = {isa = PBXFileReference; fileEncoding = 4; lastKnownFileType = sourcecode.swift; path = HomeViewController.swift; sourceTree = "<group>"; };
		FA2FDA2C1D114BAB0003327A /* DateFieldCell.xib */ = {isa = PBXFileReference; fileEncoding = 4; lastKnownFileType = file.xib; path = DateFieldCell.xib; sourceTree = "<group>"; };
		FA2FDA2D1D114BAB0003327A /* NameFieldCell.xib */ = {isa = PBXFileReference; fileEncoding = 4; lastKnownFileType = file.xib; path = NameFieldCell.xib; sourceTree = "<group>"; };
		FA2FDA2E1D114BAB0003327A /* SingleFieldCell.xib */ = {isa = PBXFileReference; fileEncoding = 4; lastKnownFileType = file.xib; path = SingleFieldCell.xib; sourceTree = "<group>"; };
		FA2FDA2F1D114BAB0003327A /* TripleFieldCell.xib */ = {isa = PBXFileReference; fileEncoding = 4; lastKnownFileType = file.xib; path = TripleFieldCell.xib; sourceTree = "<group>"; };
		FA2FDA301D114BAB0003327A /* TuningSnapshotDetailTableViewController.swift */ = {isa = PBXFileReference; fileEncoding = 4; lastKnownFileType = sourcecode.swift; path = TuningSnapshotDetailTableViewController.swift; sourceTree = "<group>"; };
		FA2FDA311D114BAB0003327A /* TuningSnapshotTableViewController.swift */ = {isa = PBXFileReference; fileEncoding = 4; lastKnownFileType = sourcecode.swift; path = TuningSnapshotTableViewController.swift; sourceTree = "<group>"; };
		FA2FDA321D114BAB0003327A /* TuningViewController.swift */ = {isa = PBXFileReference; fileEncoding = 4; lastKnownFileType = sourcecode.swift; path = TuningViewController.swift; sourceTree = "<group>"; };
		FA2FDA351D114BAB0003327A /* ASCII.swift */ = {isa = PBXFileReference; fileEncoding = 4; lastKnownFileType = sourcecode.swift; path = ASCII.swift; sourceTree = "<group>"; };
		FA2FDA361D114BAB0003327A /* Vjson.swift */ = {isa = PBXFileReference; fileEncoding = 4; lastKnownFileType = sourcecode.swift; path = Vjson.swift; sourceTree = "<group>"; };
		FA2FDA391D114BAB0003327A /* MRBlurView.h */ = {isa = PBXFileReference; fileEncoding = 4; lastKnownFileType = sourcecode.c.h; path = MRBlurView.h; sourceTree = "<group>"; };
		FA2FDA3A1D114BAB0003327A /* MRBlurView.m */ = {isa = PBXFileReference; fileEncoding = 4; lastKnownFileType = sourcecode.c.objc; path = MRBlurView.m; sourceTree = "<group>"; };
		FA2FDA3B1D114BAB0003327A /* UIImage+MRImageEffects.h */ = {isa = PBXFileReference; fileEncoding = 4; lastKnownFileType = sourcecode.c.h; path = "UIImage+MRImageEffects.h"; sourceTree = "<group>"; };
		FA2FDA3C1D114BAB0003327A /* UIImage+MRImageEffects.m */ = {isa = PBXFileReference; fileEncoding = 4; lastKnownFileType = sourcecode.c.objc; path = "UIImage+MRImageEffects.m"; sourceTree = "<group>"; };
		FA2FDA3E1D114BAB0003327A /* MRActivityIndicatorView.h */ = {isa = PBXFileReference; fileEncoding = 4; lastKnownFileType = sourcecode.c.h; path = MRActivityIndicatorView.h; sourceTree = "<group>"; };
		FA2FDA3F1D114BAB0003327A /* MRActivityIndicatorView.m */ = {isa = PBXFileReference; fileEncoding = 4; lastKnownFileType = sourcecode.c.objc; path = MRActivityIndicatorView.m; sourceTree = "<group>"; };
		FA2FDA401D114BAB0003327A /* MRCircularProgressView.h */ = {isa = PBXFileReference; fileEncoding = 4; lastKnownFileType = sourcecode.c.h; path = MRCircularProgressView.h; sourceTree = "<group>"; };
		FA2FDA411D114BAB0003327A /* MRCircularProgressView.m */ = {isa = PBXFileReference; fileEncoding = 4; lastKnownFileType = sourcecode.c.objc; path = MRCircularProgressView.m; sourceTree = "<group>"; };
		FA2FDA421D114BAB0003327A /* MRIconView.h */ = {isa = PBXFileReference; fileEncoding = 4; lastKnownFileType = sourcecode.c.h; path = MRIconView.h; sourceTree = "<group>"; };
		FA2FDA431D114BAB0003327A /* MRIconView.m */ = {isa = PBXFileReference; fileEncoding = 4; lastKnownFileType = sourcecode.c.objc; path = MRIconView.m; sourceTree = "<group>"; };
		FA2FDA441D114BAB0003327A /* MRNavigationBarProgressView.h */ = {isa = PBXFileReference; fileEncoding = 4; lastKnownFileType = sourcecode.c.h; path = MRNavigationBarProgressView.h; sourceTree = "<group>"; };
		FA2FDA451D114BAB0003327A /* MRNavigationBarProgressView.m */ = {isa = PBXFileReference; fileEncoding = 4; lastKnownFileType = sourcecode.c.objc; path = MRNavigationBarProgressView.m; sourceTree = "<group>"; };
		FA2FDA461D114BAB0003327A /* MRProgressOverlayView.h */ = {isa = PBXFileReference; fileEncoding = 4; lastKnownFileType = sourcecode.c.h; path = MRProgressOverlayView.h; sourceTree = "<group>"; };
		FA2FDA471D114BAB0003327A /* MRProgressOverlayView.m */ = {isa = PBXFileReference; fileEncoding = 4; lastKnownFileType = sourcecode.c.objc; path = MRProgressOverlayView.m; sourceTree = "<group>"; };
		FA2FDA481D114BAB0003327A /* MRProgressView.h */ = {isa = PBXFileReference; fileEncoding = 4; lastKnownFileType = sourcecode.c.h; path = MRProgressView.h; sourceTree = "<group>"; };
		FA2FDA491D114BAB0003327A /* MRProgressView.m */ = {isa = PBXFileReference; fileEncoding = 4; lastKnownFileType = sourcecode.c.objc; path = MRProgressView.m; sourceTree = "<group>"; };
		FA2FDA4A1D114BAB0003327A /* MRStopableView.h */ = {isa = PBXFileReference; fileEncoding = 4; lastKnownFileType = sourcecode.c.h; path = MRStopableView.h; sourceTree = "<group>"; };
		FA2FDA4B1D114BAB0003327A /* MRStopButton.h */ = {isa = PBXFileReference; fileEncoding = 4; lastKnownFileType = sourcecode.c.h; path = MRStopButton.h; sourceTree = "<group>"; };
		FA2FDA4C1D114BAB0003327A /* MRStopButton.m */ = {isa = PBXFileReference; fileEncoding = 4; lastKnownFileType = sourcecode.c.objc; path = MRStopButton.m; sourceTree = "<group>"; };
		FA2FDA4F1D114BAB0003327A /* MRMessageInterceptor.h */ = {isa = PBXFileReference; fileEncoding = 4; lastKnownFileType = sourcecode.c.h; path = MRMessageInterceptor.h; sourceTree = "<group>"; };
		FA2FDA501D114BAB0003327A /* MRMessageInterceptor.m */ = {isa = PBXFileReference; fileEncoding = 4; lastKnownFileType = sourcecode.c.objc; path = MRMessageInterceptor.m; sourceTree = "<group>"; };
		FA2FDA511D114BAB0003327A /* MRMethodCopier.h */ = {isa = PBXFileReference; fileEncoding = 4; lastKnownFileType = sourcecode.c.h; path = MRMethodCopier.h; sourceTree = "<group>"; };
		FA2FDA521D114BAB0003327A /* MRMethodCopier.m */ = {isa = PBXFileReference; fileEncoding = 4; lastKnownFileType = sourcecode.c.objc; path = MRMethodCopier.m; sourceTree = "<group>"; };
		FA2FDA531D114BAB0003327A /* MRProgressHelper.h */ = {isa = PBXFileReference; fileEncoding = 4; lastKnownFileType = sourcecode.c.h; path = MRProgressHelper.h; sourceTree = "<group>"; };
		FA2FDA541D114BAB0003327A /* MRWeakProxy.h */ = {isa = PBXFileReference; fileEncoding = 4; lastKnownFileType = sourcecode.c.h; path = MRWeakProxy.h; sourceTree = "<group>"; };
		FA2FDA551D114BAB0003327A /* MRWeakProxy.m */ = {isa = PBXFileReference; fileEncoding = 4; lastKnownFileType = sourcecode.c.objc; path = MRWeakProxy.m; sourceTree = "<group>"; };
		FA2FDA581D114BAB0003327A /* da */ = {isa = PBXFileReference; lastKnownFileType = text.plist.strings; name = da; path = da.lproj/SwiftWebVC.strings; sourceTree = "<group>"; };
		FA2FDA591D114BAB0003327A /* de */ = {isa = PBXFileReference; lastKnownFileType = text.plist.strings; name = de; path = de.lproj/SwiftWebVC.strings; sourceTree = "<group>"; };
		FA2FDA5A1D114BAB0003327A /* en */ = {isa = PBXFileReference; lastKnownFileType = text.plist.strings; name = en; path = en.lproj/SwiftWebVC.strings; sourceTree = "<group>"; };
		FA2FDA5B1D114BAB0003327A /* es-ES */ = {isa = PBXFileReference; lastKnownFileType = text.plist.strings; name = "es-ES"; path = "es-ES.lproj/SwiftWebVC.strings"; sourceTree = "<group>"; };
		FA2FDA5C1D114BAB0003327A /* es */ = {isa = PBXFileReference; lastKnownFileType = text.plist.strings; name = es; path = es.lproj/SwiftWebVC.strings; sourceTree = "<group>"; };
		FA2FDA5D1D114BAB0003327A /* fr */ = {isa = PBXFileReference; lastKnownFileType = text.plist.strings; name = fr; path = fr.lproj/SwiftWebVC.strings; sourceTree = "<group>"; };
		FA2FDA5E1D114BAB0003327A /* ja */ = {isa = PBXFileReference; lastKnownFileType = text.plist.strings; name = ja; path = ja.lproj/SwiftWebVC.strings; sourceTree = "<group>"; };
		FA2FDA5F1D114BAB0003327A /* pt */ = {isa = PBXFileReference; lastKnownFileType = text.plist.strings; name = pt; path = pt.lproj/SwiftWebVC.strings; sourceTree = "<group>"; };
		FA2FDA601D114BAB0003327A /* SwiftModalWebVC.swift */ = {isa = PBXFileReference; fileEncoding = 4; lastKnownFileType = sourcecode.swift; path = SwiftModalWebVC.swift; sourceTree = "<group>"; };
		FA2FDA611D114BAB0003327A /* SwiftWebVC.bundle */ = {isa = PBXFileReference; lastKnownFileType = "wrapper.plug-in"; path = SwiftWebVC.bundle; sourceTree = "<group>"; };
		FA2FDA621D114BAB0003327A /* SwiftWebVC.swift */ = {isa = PBXFileReference; fileEncoding = 4; lastKnownFileType = sourcecode.swift; path = SwiftWebVC.swift; sourceTree = "<group>"; };
		FA2FDA651D114BAB0003327A /* SwiftWebVCActivityChrome-iPad.png */ = {isa = PBXFileReference; lastKnownFileType = image.png; path = "SwiftWebVCActivityChrome-iPad.png"; sourceTree = "<group>"; };
		FA2FDA661D114BAB0003327A /* SwiftWebVCActivityChrome-iPad@2x.png */ = {isa = PBXFileReference; lastKnownFileType = image.png; path = "SwiftWebVCActivityChrome-iPad@2x.png"; sourceTree = "<group>"; };
		FA2FDA671D114BAB0003327A /* SwiftWebVCActivityChrome.swift */ = {isa = PBXFileReference; fileEncoding = 4; lastKnownFileType = sourcecode.swift; path = SwiftWebVCActivityChrome.swift; sourceTree = "<group>"; };
		FA2FDA681D114BAB0003327A /* SwiftWebVCActivityChrome@2x.png */ = {isa = PBXFileReference; lastKnownFileType = image.png; path = "SwiftWebVCActivityChrome@2x.png"; sourceTree = "<group>"; };
		FA2FDA6A1D114BAB0003327A /* SwiftWebVCActivitySafari-iPad.png */ = {isa = PBXFileReference; lastKnownFileType = image.png; path = "SwiftWebVCActivitySafari-iPad.png"; sourceTree = "<group>"; };
		FA2FDA6B1D114BAB0003327A /* SwiftWebVCActivitySafari-iPad@2x.png */ = {isa = PBXFileReference; lastKnownFileType = image.png; path = "SwiftWebVCActivitySafari-iPad@2x.png"; sourceTree = "<group>"; };
		FA2FDA6C1D114BAB0003327A /* SwiftWebVCActivitySafari.swift */ = {isa = PBXFileReference; fileEncoding = 4; lastKnownFileType = sourcecode.swift; path = SwiftWebVCActivitySafari.swift; sourceTree = "<group>"; };
		FA2FDA6D1D114BAB0003327A /* SwiftWebVCActivitySafari@2x.png */ = {isa = PBXFileReference; lastKnownFileType = image.png; path = "SwiftWebVCActivitySafari@2x.png"; sourceTree = "<group>"; };
		FA2FDA6E1D114BAB0003327A /* SwiftWebVCActivity.swift */ = {isa = PBXFileReference; fileEncoding = 4; lastKnownFileType = sourcecode.swift; path = SwiftWebVCActivity.swift; sourceTree = "<group>"; };
		FA2FDA6F1D114BAB0003327A /* zh-Hans */ = {isa = PBXFileReference; lastKnownFileType = text.plist.strings; name = "zh-Hans"; path = "zh-Hans.lproj/SwiftWebVC.strings"; sourceTree = "<group>"; };
		FA2FDA701D114BAB0003327A /* zh-Hant */ = {isa = PBXFileReference; lastKnownFileType = text.plist.strings; name = "zh-Hant"; path = "zh-Hant.lproj/SwiftWebVC.strings"; sourceTree = "<group>"; };
		FA2FDA721D114BAB0003327A /* AppLog.swift */ = {isa = PBXFileReference; fileEncoding = 4; lastKnownFileType = sourcecode.swift; path = AppLog.swift; sourceTree = "<group>"; };
		FA2FDA731D114BAB0003327A /* BluetoothDevice.swift */ = {isa = PBXFileReference; fileEncoding = 4; lastKnownFileType = sourcecode.swift; path = BluetoothDevice.swift; sourceTree = "<group>"; };
		FA2FDA741D114BAB0003327A /* Extensions.swift */ = {isa = PBXFileReference; fileEncoding = 4; lastKnownFileType = sourcecode.swift; path = Extensions.swift; sourceTree = "<group>"; };
		FA2FDA751D114BAB0003327A /* Extra.swift */ = {isa = PBXFileReference; fileEncoding = 4; lastKnownFileType = sourcecode.swift; path = Extra.swift; sourceTree = "<group>"; };
		FA2FDA761D114BAB0003327A /* Math.swift */ = {isa = PBXFileReference; fileEncoding = 4; lastKnownFileType = sourcecode.swift; path = Math.swift; sourceTree = "<group>"; };
		FA2FDA771D114BAB0003327A /* SerialPortConfig.swift */ = {isa = PBXFileReference; fileEncoding = 4; lastKnownFileType = sourcecode.swift; path = SerialPortConfig.swift; sourceTree = "<group>"; };
		FA2FDA781D114BAB0003327A /* TuningSnapshot.swift */ = {isa = PBXFileReference; fileEncoding = 4; lastKnownFileType = sourcecode.swift; path = TuningSnapshot.swift; sourceTree = "<group>"; };
		FA2FDA791D114BAB0003327A /* Version.swift */ = {isa = PBXFileReference; fileEncoding = 4; lastKnownFileType = sourcecode.swift; path = Version.swift; sourceTree = "<group>"; };
		FA2FDA7B1D114BAB0003327A /* BluetoothSerial.swift */ = {isa = PBXFileReference; fileEncoding = 4; lastKnownFileType = sourcecode.swift; path = BluetoothSerial.swift; sourceTree = "<group>"; };
		FA2FDA7C1D114BAB0003327A /* MSPInterpreter.swift */ = {isa = PBXFileReference; fileEncoding = 4; lastKnownFileType = sourcecode.swift; path = MSPInterpreter.swift; sourceTree = "<group>"; };
		FA2FDA7E1D114BAB0003327A /* Constants.swift */ = {isa = PBXFileReference; fileEncoding = 4; lastKnownFileType = sourcecode.swift; path = Constants.swift; sourceTree = "<group>"; };
		FA2FDA7F1D114BAB0003327A /* DataStorage.swift */ = {isa = PBXFileReference; fileEncoding = 4; lastKnownFileType = sourcecode.swift; path = DataStorage.swift; sourceTree = "<group>"; };
		FA2FDA801D114BAB0003327A /* Globals.swift */ = {isa = PBXFileReference; fileEncoding = 4; lastKnownFileType = sourcecode.swift; path = Globals.swift; sourceTree = "<group>"; };
		FA2FDA811D114BAB0003327A /* AppDelegate.swift */ = {isa = PBXFileReference; fileEncoding = 4; lastKnownFileType = sourcecode.swift; path = AppDelegate.swift; sourceTree = "<group>"; };
/* End PBXFileReference section */

/* Begin PBXFrameworksBuildPhase section */
		FA2FD9E01D1149870003327A /* Frameworks */ = {
			isa = PBXFrameworksBuildPhase;
			buildActionMask = 2147483647;
			files = (
			);
			runOnlyForDeploymentPostprocessing = 0;
		};
/* End PBXFrameworksBuildPhase section */

/* Begin PBXGroup section */
		FA2FD9DA1D1149870003327A = {
			isa = PBXGroup;
			children = (
				FA2FD9E51D1149870003327A /* Eaze */,
				FA2FD9E41D1149870003327A /* Products */,
			);
			sourceTree = "<group>";
		};
		FA2FD9E41D1149870003327A /* Products */ = {
			isa = PBXGroup;
			children = (
				FA2FD9E31D1149870003327A /* Eaze.app */,
			);
			name = Products;
			sourceTree = "<group>";
		};
		FA2FD9E51D1149870003327A /* Eaze */ = {
			isa = PBXGroup;
			children = (
				FA2FDA811D114BAB0003327A /* AppDelegate.swift */,
				FA2FDA7D1D114BAB0003327A /* Data */,
				FA2FDA7A1D114BAB0003327A /* Serial */,
				FA2FDA711D114BAB0003327A /* Extra */,
				FA2FDA331D114BAB0003327A /* Third Party */,
				FA2FDA051D114BAB0003327A /* GUI */,
				FA2FDAD11D114E100003327A /* Supporting Files */,
			);
			path = Eaze;
			sourceTree = "<group>";
		};
		FA2FDA051D114BAB0003327A /* GUI */ = {
			isa = PBXGroup;
			children = (
				FA2FDA061D114BAB0003327A /* Components */,
				FA2FDA151D114BAB0003327A /* Storyboards */,
				FA2FDA1B1D114BAB0003327A /* Tabs */,
			);
			path = GUI;
			sourceTree = "<group>";
		};
		FA2FDA061D114BAB0003327A /* Components */ = {
			isa = PBXGroup;
			children = (
				FA2FDA101D114BAB0003327A /* MessageView.swift */,
				FA2FDA071D114BAB0003327A /* AdjustableTextField.swift */,
				FA2FDA131D114BAB0003327A /* StaticAdjustableTextField.swift */,
				FA2FDA141D114BAB0003327A /* StaticAdjustableTextField.xib */,
				FA2FDA091D114BAB0003327A /* DecimalPadPopover.swift */,
				FA2FDA0A1D114BAB0003327A /* DecimalPadPopover.xib */,
				FA2FDA111D114BAB0003327A /* SelectionPopover.swift */,
				FA2FDA0F1D114BAB0003327A /* GroupedTableViewController.swift */,
				FA2FDA121D114BAB0003327A /* SelectionTableViewController.swift */,
				FA2FDA0B1D114BAB0003327A /* EFIS.swift */,
				FA2FDA0C1D114BAB0003327A /* GlassBox.swift */,
				FA2FDA0D1D114BAB0003327A /* GlassIndicator.swift */,
				FA2FDA0E1D114BAB0003327A /* GlassLabel.swift */,
			);
			path = Components;
			sourceTree = "<group>";
		};
		FA2FDA151D114BAB0003327A /* Storyboards */ = {
			isa = PBXGroup;
			children = (
				FA2FDA161D114BAB0003327A /* iPad.storyboard */,
				FA2FDA171D114BAB0003327A /* iPhone.storyboard */,
				FA2FDA191D114BAB0003327A /* Preferences.storyboard */,
				FA2FDA1A1D114BAB0003327A /* Uni.storyboard */,
				FA2FDA181D114BAB0003327A /* LaunchScreen.storyboard */,
			);
			path = Storyboards;
			sourceTree = "<group>";
		};
		FA2FDA1B1D114BAB0003327A /* Tabs */ = {
			isa = PBXGroup;
			children = (
				FA2FDA2A1D114BAB0003327A /* HomeViewController.swift */,
				FA2FDA321D114BAB0003327A /* TuningViewController.swift */,
				FA2FDA1E1D114BAB0003327A /* CLITabViewController.swift */,
				FA2FDA1F1D114BAB0003327A /* ConfigTableViewController.swift */,
				FA2FDA201D114BAB0003327A /* Configuration */,
				FA2FDA1C1D114BAB0003327A /* CLI */,
				FA2FDA281D114BAB0003327A /* Connect */,
				FA2FDA2B1D114BAB0003327A /* Tuning Snapshots */,
			);
			path = Tabs;
			sourceTree = "<group>";
		};
		FA2FDA1C1D114BAB0003327A /* CLI */ = {
			isa = PBXGroup;
			children = (
				FA2FDA1D1D114BAB0003327A /* CLIViewController.swift */,
			);
			path = CLI;
			sourceTree = "<group>";
		};
		FA2FDA201D114BAB0003327A /* Configuration */ = {
			isa = PBXGroup;
			children = (
				FA2FDA231D114BAB0003327A /* GeneralConfigViewController.swift */,
				FA2FDA241D114BAB0003327A /* MotorConfigViewController.swift */,
				FA2FDA251D114BAB0003327A /* PortsConfigViewController.swift */,
				FA2FDA261D114BAB0003327A /* ReceiverConfigViewController.swift */,
				FA2FDA271D114BAB0003327A /* ReceiverInputViewController.swift */,
				FA2FDA211D114BAB0003327A /* AppConfigViewController.swift */,
				FA2FDA221D114BAB0003327A /* AppLogViewController.swift */,
			);
			path = Configuration;
			sourceTree = "<group>";
		};
		FA2FDA281D114BAB0003327A /* Connect */ = {
			isa = PBXGroup;
			children = (
				FA2FDA291D114BAB0003327A /* ConnectViewController.swift */,
			);
			path = Connect;
			sourceTree = "<group>";
		};
		FA2FDA2B1D114BAB0003327A /* Tuning Snapshots */ = {
			isa = PBXGroup;
			children = (
				FA2FDA2C1D114BAB0003327A /* DateFieldCell.xib */,
				FA2FDA2D1D114BAB0003327A /* NameFieldCell.xib */,
				FA2FDA2E1D114BAB0003327A /* SingleFieldCell.xib */,
				FA2FDA2F1D114BAB0003327A /* TripleFieldCell.xib */,
				FA2FDA311D114BAB0003327A /* TuningSnapshotTableViewController.swift */,
				FA2FDA301D114BAB0003327A /* TuningSnapshotDetailTableViewController.swift */,
			);
			name = "Tuning Snapshots";
			path = Tuning_Snapshots;
			sourceTree = "<group>";
		};
		FA2FDA331D114BAB0003327A /* Third Party */ = {
			isa = PBXGroup;
			children = (
				FA2FDA341D114BAB0003327A /* JSON */,
				FA2FDA371D114BAB0003327A /* ProgressView */,
				FA2FDA561D114BAB0003327A /* WebView */,
			);
			name = "Third Party";
			path = Third_Party;
			sourceTree = "<group>";
		};
		FA2FDA341D114BAB0003327A /* JSON */ = {
			isa = PBXGroup;
			children = (
				FA2FDA351D114BAB0003327A /* ASCII.swift */,
				FA2FDA361D114BAB0003327A /* Vjson.swift */,
			);
			path = JSON;
			sourceTree = "<group>";
		};
		FA2FDA371D114BAB0003327A /* ProgressView */ = {
			isa = PBXGroup;
			children = (
				FA2FDA381D114BAB0003327A /* Blur */,
				FA2FDA3D1D114BAB0003327A /* Components */,
				FA2FDA4E1D114BAB0003327A /* Utils */,
			);
			path = ProgressView;
			sourceTree = "<group>";
		};
		FA2FDA381D114BAB0003327A /* Blur */ = {
			isa = PBXGroup;
			children = (
				FA2FDA391D114BAB0003327A /* MRBlurView.h */,
				FA2FDA3A1D114BAB0003327A /* MRBlurView.m */,
				FA2FDA3B1D114BAB0003327A /* UIImage+MRImageEffects.h */,
				FA2FDA3C1D114BAB0003327A /* UIImage+MRImageEffects.m */,
			);
			path = Blur;
			sourceTree = "<group>";
		};
		FA2FDA3D1D114BAB0003327A /* Components */ = {
			isa = PBXGroup;
			children = (
				FA2FDA3E1D114BAB0003327A /* MRActivityIndicatorView.h */,
				FA2FDA3F1D114BAB0003327A /* MRActivityIndicatorView.m */,
				FA2FDA401D114BAB0003327A /* MRCircularProgressView.h */,
				FA2FDA411D114BAB0003327A /* MRCircularProgressView.m */,
				FA2FDA421D114BAB0003327A /* MRIconView.h */,
				FA2FDA431D114BAB0003327A /* MRIconView.m */,
				FA2FDA441D114BAB0003327A /* MRNavigationBarProgressView.h */,
				FA2FDA451D114BAB0003327A /* MRNavigationBarProgressView.m */,
				FA2FDA461D114BAB0003327A /* MRProgressOverlayView.h */,
				FA2FDA471D114BAB0003327A /* MRProgressOverlayView.m */,
				FA2FDA481D114BAB0003327A /* MRProgressView.h */,
				FA2FDA491D114BAB0003327A /* MRProgressView.m */,
				FA2FDA4A1D114BAB0003327A /* MRStopableView.h */,
				FA2FDA4B1D114BAB0003327A /* MRStopButton.h */,
				FA2FDA4C1D114BAB0003327A /* MRStopButton.m */,
			);
			path = Components;
			sourceTree = "<group>";
		};
		FA2FDA4E1D114BAB0003327A /* Utils */ = {
			isa = PBXGroup;
			children = (
				FA2FDA4F1D114BAB0003327A /* MRMessageInterceptor.h */,
				FA2FDA501D114BAB0003327A /* MRMessageInterceptor.m */,
				FA2FDA511D114BAB0003327A /* MRMethodCopier.h */,
				FA2FDA521D114BAB0003327A /* MRMethodCopier.m */,
				FA2FDA531D114BAB0003327A /* MRProgressHelper.h */,
				FA2FDA541D114BAB0003327A /* MRWeakProxy.h */,
				FA2FDA551D114BAB0003327A /* MRWeakProxy.m */,
			);
			path = Utils;
			sourceTree = "<group>";
		};
		FA2FDA561D114BAB0003327A /* WebView */ = {
			isa = PBXGroup;
			children = (
				FA2FDA571D114BAB0003327A /* SwiftWebVC.strings */,
				FA2FDA601D114BAB0003327A /* SwiftModalWebVC.swift */,
				FA2FDA611D114BAB0003327A /* SwiftWebVC.bundle */,
				FA2FDA621D114BAB0003327A /* SwiftWebVC.swift */,
				FA2FDA631D114BAB0003327A /* UIActivities */,
			);
			path = WebView;
			sourceTree = "<group>";
		};
		FA2FDA631D114BAB0003327A /* UIActivities */ = {
			isa = PBXGroup;
			children = (
				FA2FDA641D114BAB0003327A /* Chrome */,
				FA2FDA691D114BAB0003327A /* Safari */,
				FA2FDA6E1D114BAB0003327A /* SwiftWebVCActivity.swift */,
			);
			path = UIActivities;
			sourceTree = "<group>";
		};
		FA2FDA641D114BAB0003327A /* Chrome */ = {
			isa = PBXGroup;
			children = (
				FA2FDA651D114BAB0003327A /* SwiftWebVCActivityChrome-iPad.png */,
				FA2FDA661D114BAB0003327A /* SwiftWebVCActivityChrome-iPad@2x.png */,
				FA2FDA671D114BAB0003327A /* SwiftWebVCActivityChrome.swift */,
				FA2FDA681D114BAB0003327A /* SwiftWebVCActivityChrome@2x.png */,
			);
			path = Chrome;
			sourceTree = "<group>";
		};
		FA2FDA691D114BAB0003327A /* Safari */ = {
			isa = PBXGroup;
			children = (
				FA2FDA6A1D114BAB0003327A /* SwiftWebVCActivitySafari-iPad.png */,
				FA2FDA6B1D114BAB0003327A /* SwiftWebVCActivitySafari-iPad@2x.png */,
				FA2FDA6C1D114BAB0003327A /* SwiftWebVCActivitySafari.swift */,
				FA2FDA6D1D114BAB0003327A /* SwiftWebVCActivitySafari@2x.png */,
			);
			path = Safari;
			sourceTree = "<group>";
		};
		FA2FDA711D114BAB0003327A /* Extra */ = {
			isa = PBXGroup;
			children = (
				FA2FDA721D114BAB0003327A /* AppLog.swift */,
				FA2FDA791D114BAB0003327A /* Version.swift */,
				FA2FDA731D114BAB0003327A /* BluetoothDevice.swift */,
				FA2FDA781D114BAB0003327A /* TuningSnapshot.swift */,
				FA2FDA771D114BAB0003327A /* SerialPortConfig.swift */,
				FA2FDA741D114BAB0003327A /* Extensions.swift */,
				FA2FDA761D114BAB0003327A /* Math.swift */,
				FA2FDA751D114BAB0003327A /* Extra.swift */,
			);
			path = Extra;
			sourceTree = "<group>";
		};
		FA2FDA7A1D114BAB0003327A /* Serial */ = {
			isa = PBXGroup;
			children = (
				FA2FDA7B1D114BAB0003327A /* BluetoothSerial.swift */,
				FA2FDA7C1D114BAB0003327A /* MSPInterpreter.swift */,
			);
			path = Serial;
			sourceTree = "<group>";
		};
		FA2FDA7D1D114BAB0003327A /* Data */ = {
			isa = PBXGroup;
			children = (
				FA2FDA801D114BAB0003327A /* Globals.swift */,
				FA2FDA7F1D114BAB0003327A /* DataStorage.swift */,
				FA2FDA7E1D114BAB0003327A /* Constants.swift */,
			);
			path = Data;
			sourceTree = "<group>";
		};
		FA2FDAD11D114E100003327A /* Supporting Files */ = {
			isa = PBXGroup;
			children = (
				FA2FD9ED1D1149870003327A /* Assets.xcassets */,
				FA2FD9F21D1149870003327A /* Info.plist */,
				FA2FD9F81D114B020003327A /* Eaze-Bridging-Header.h */,
			);
			name = "Supporting Files";
			path = Supporting_Files;
			sourceTree = "<group>";
		};
/* End PBXGroup section */

/* Begin PBXNativeTarget section */
		FA2FD9E21D1149870003327A /* Eaze */ = {
			isa = PBXNativeTarget;
			buildConfigurationList = FA2FD9F51D1149870003327A /* Build configuration list for PBXNativeTarget "Eaze" */;
			buildPhases = (
				FA2FD9DF1D1149870003327A /* Sources */,
				FA2FD9E01D1149870003327A /* Frameworks */,
				FA2FD9E11D1149870003327A /* Resources */,
			);
			buildRules = (
			);
			dependencies = (
			);
			name = Eaze;
			productName = Eaze;
			productReference = FA2FD9E31D1149870003327A /* Eaze.app */;
			productType = "com.apple.product-type.application";
		};
/* End PBXNativeTarget section */

/* Begin PBXProject section */
		FA2FD9DB1D1149870003327A /* Project object */ = {
			isa = PBXProject;
			attributes = {
				LastSwiftUpdateCheck = 0730;
				LastUpgradeCheck = 0730;
				ORGANIZATIONNAME = Hangar42;
				TargetAttributes = {
					FA2FD9E21D1149870003327A = {
						CreatedOnToolsVersion = 7.3;
						DevelopmentTeam = B22Z7NLA6E;
					};
				};
			};
			buildConfigurationList = FA2FD9DE1D1149870003327A /* Build configuration list for PBXProject "Eaze" */;
			compatibilityVersion = "Xcode 3.2";
			developmentRegion = English;
			hasScannedForEncodings = 0;
			knownRegions = (
				en,
				Base,
				da,
				de,
				"es-ES",
				es,
				fr,
				ja,
				pt,
				"zh-Hans",
				"zh-Hant",
			);
			mainGroup = FA2FD9DA1D1149870003327A;
			productRefGroup = FA2FD9E41D1149870003327A /* Products */;
			projectDirPath = "";
			projectRoot = "";
			targets = (
				FA2FD9E21D1149870003327A /* Eaze */,
			);
		};
/* End PBXProject section */

/* Begin PBXResourcesBuildPhase section */
		FA2FD9E11D1149870003327A /* Resources */ = {
			isa = PBXResourcesBuildPhase;
			buildActionMask = 2147483647;
			files = (
				FA2FDA901D114BAB0003327A /* iPad.storyboard in Resources */,
				FA2FDAA11D114BAB0003327A /* DateFieldCell.xib in Resources */,
				FA2FDA941D114BAB0003327A /* Uni.storyboard in Resources */,
				FA2FDAB61D114BAB0003327A /* SwiftWebVC.strings in Resources */,
				FA2FDA8F1D114BAB0003327A /* StaticAdjustableTextField.xib in Resources */,
				FA2FDABF1D114BAB0003327A /* SwiftWebVCActivitySafari-iPad@2x.png in Resources */,
				FA2FDAB81D114BAB0003327A /* SwiftWebVC.bundle in Resources */,
				FA2FDA931D114BAB0003327A /* Preferences.storyboard in Resources */,
				FA2FDAA31D114BAB0003327A /* SingleFieldCell.xib in Resources */,
				FA2FDABA1D114BAB0003327A /* SwiftWebVCActivityChrome-iPad.png in Resources */,
				FA2FD9EE1D1149870003327A /* Assets.xcassets in Resources */,
				FA2FDAC11D114BAB0003327A /* SwiftWebVCActivitySafari@2x.png in Resources */,
				FA2FDA921D114BAB0003327A /* LaunchScreen.storyboard in Resources */,
				FA2FDABB1D114BAB0003327A /* SwiftWebVCActivityChrome-iPad@2x.png in Resources */,
				FA2FDAA41D114BAB0003327A /* TripleFieldCell.xib in Resources */,
				FA2FDAA21D114BAB0003327A /* NameFieldCell.xib in Resources */,
				FA2FDABE1D114BAB0003327A /* SwiftWebVCActivitySafari-iPad.png in Resources */,
				FA2FDABD1D114BAB0003327A /* SwiftWebVCActivityChrome@2x.png in Resources */,
				FA2FDA851D114BAB0003327A /* DecimalPadPopover.xib in Resources */,
				FA2FDA911D114BAB0003327A /* iPhone.storyboard in Resources */,
			);
			runOnlyForDeploymentPostprocessing = 0;
		};
/* End PBXResourcesBuildPhase section */

/* Begin PBXSourcesBuildPhase section */
		FA2FD9DF1D1149870003327A /* Sources */ = {
			isa = PBXSourcesBuildPhase;
			buildActionMask = 2147483647;
			files = (
				FA2FDAA71D114BAB0003327A /* TuningViewController.swift in Sources */,
				FA2FDAB31D114BAB0003327A /* MRMessageInterceptor.m in Sources */,
				FA2FDAC61D114BAB0003327A /* Extra.swift in Sources */,
				FA2FDA8A1D114BAB0003327A /* GroupedTableViewController.swift in Sources */,
				FA2FDA861D114BAB0003327A /* EFIS.swift in Sources */,
				FA2FDA951D114BAB0003327A /* CLIViewController.swift in Sources */,
				FA2FDAB21D114BAB0003327A /* MRStopButton.m in Sources */,
				FA2FDAC41D114BAB0003327A /* BluetoothDevice.swift in Sources */,
				FA2FDAAD1D114BAB0003327A /* MRCircularProgressView.m in Sources */,
				FA2FDA9A1D114BAB0003327A /* GeneralConfigViewController.swift in Sources */,
				FA2FDAA61D114BAB0003327A /* TuningSnapshotTableViewController.swift in Sources */,
				FA2FDAB11D114BAB0003327A /* MRProgressView.m in Sources */,
				FA2FDA9F1D114BAB0003327A /* ConnectViewController.swift in Sources */,
				FA2FDAAF1D114BAB0003327A /* MRNavigationBarProgressView.m in Sources */,
				FA2FDA971D114BAB0003327A /* ConfigTableViewController.swift in Sources */,
				FA2FDA8E1D114BAB0003327A /* StaticAdjustableTextField.swift in Sources */,
				FA2FDACF1D114BAB0003327A /* Globals.swift in Sources */,
				FA2FDAAE1D114BAB0003327A /* MRIconView.m in Sources */,
				FA2FDAB71D114BAB0003327A /* SwiftModalWebVC.swift in Sources */,
				FA2FDAB91D114BAB0003327A /* SwiftWebVC.swift in Sources */,
				FA2FDA9E1D114BAB0003327A /* ReceiverInputViewController.swift in Sources */,
				FA2FDACD1D114BAB0003327A /* Constants.swift in Sources */,
				FA2FDAC31D114BAB0003327A /* AppLog.swift in Sources */,
				FA2FDA871D114BAB0003327A /* GlassBox.swift in Sources */,
				FA2FDACE1D114BAB0003327A /* DataStorage.swift in Sources */,
				FA2FDAA81D114BAB0003327A /* ASCII.swift in Sources */,
				FA2FDA9C1D114BAB0003327A /* PortsConfigViewController.swift in Sources */,
				FA2FDAA51D114BAB0003327A /* TuningSnapshotDetailTableViewController.swift in Sources */,
				FA2FDAAA1D114BAB0003327A /* MRBlurView.m in Sources */,
				FA2FDA8B1D114BAB0003327A /* MessageView.swift in Sources */,
				FA2FDAA01D114BAB0003327A /* HomeViewController.swift in Sources */,
				FA2FDACA1D114BAB0003327A /* Version.swift in Sources */,
				FA2FDA841D114BAB0003327A /* DecimalPadPopover.swift in Sources */,
				FA2FDA821D114BAB0003327A /* AdjustableTextField.swift in Sources */,
				FA2FDA881D114BAB0003327A /* GlassIndicator.swift in Sources */,
				FA2FDAA91D114BAB0003327A /* Vjson.swift in Sources */,
				FA2FDA891D114BAB0003327A /* GlassLabel.swift in Sources */,
				FA2FDAC21D114BAB0003327A /* SwiftWebVCActivity.swift in Sources */,
				FA2FDACC1D114BAB0003327A /* MSPInterpreter.swift in Sources */,
				FA2FDA8C1D114BAB0003327A /* SelectionPopover.swift in Sources */,
				FA2FDAB41D114BAB0003327A /* MRMethodCopier.m in Sources */,
				FA2FDA9D1D114BAB0003327A /* ReceiverConfigViewController.swift in Sources */,
				FA2FDAB01D114BAB0003327A /* MRProgressOverlayView.m in Sources */,
				FA2FDACB1D114BAB0003327A /* BluetoothSerial.swift in Sources */,
				FA2FDAAC1D114BAB0003327A /* MRActivityIndicatorView.m in Sources */,
				FA2FDA9B1D114BAB0003327A /* MotorConfigViewController.swift in Sources */,
				FA2FDAC81D114BAB0003327A /* SerialPortConfig.swift in Sources */,
				FA2FDABC1D114BAB0003327A /* SwiftWebVCActivityChrome.swift in Sources */,
				FA2FDAD01D114BAB0003327A /* AppDelegate.swift in Sources */,
				FA2FDA961D114BAB0003327A /* CLITabViewController.swift in Sources */,
				FA2FDA8D1D114BAB0003327A /* SelectionTableViewController.swift in Sources */,
				FA2FDAC91D114BAB0003327A /* TuningSnapshot.swift in Sources */,
				FA2FDAC01D114BAB0003327A /* SwiftWebVCActivitySafari.swift in Sources */,
				FA2FDAC71D114BAB0003327A /* Math.swift in Sources */,
				FA2FDA991D114BAB0003327A /* AppLogViewController.swift in Sources */,
				FA2FDA981D114BAB0003327A /* AppConfigViewController.swift in Sources */,
				FA2FDAB51D114BAB0003327A /* MRWeakProxy.m in Sources */,
				FA2FDAAB1D114BAB0003327A /* UIImage+MRImageEffects.m in Sources */,
				FA2FDAC51D114BAB0003327A /* Extensions.swift in Sources */,
			);
			runOnlyForDeploymentPostprocessing = 0;
		};
/* End PBXSourcesBuildPhase section */

/* Begin PBXVariantGroup section */
		FA2FDA571D114BAB0003327A /* SwiftWebVC.strings */ = {
			isa = PBXVariantGroup;
			children = (
				FA2FDA581D114BAB0003327A /* da */,
				FA2FDA591D114BAB0003327A /* de */,
				FA2FDA5A1D114BAB0003327A /* en */,
				FA2FDA5B1D114BAB0003327A /* es-ES */,
				FA2FDA5C1D114BAB0003327A /* es */,
				FA2FDA5D1D114BAB0003327A /* fr */,
				FA2FDA5E1D114BAB0003327A /* ja */,
				FA2FDA5F1D114BAB0003327A /* pt */,
				FA2FDA6F1D114BAB0003327A /* zh-Hans */,
				FA2FDA701D114BAB0003327A /* zh-Hant */,
			);
			name = SwiftWebVC.strings;
			sourceTree = "<group>";
		};
/* End PBXVariantGroup section */

/* Begin XCBuildConfiguration section */
		FA2FD9F31D1149870003327A /* Debug */ = {
			isa = XCBuildConfiguration;
			buildSettings = {
				ALWAYS_SEARCH_USER_PATHS = NO;
				CLANG_ANALYZER_NONNULL = YES;
				CLANG_CXX_LANGUAGE_STANDARD = "gnu++0x";
				CLANG_CXX_LIBRARY = "libc++";
				CLANG_ENABLE_MODULES = YES;
				CLANG_ENABLE_OBJC_ARC = YES;
				CLANG_WARN_BOOL_CONVERSION = YES;
				CLANG_WARN_CONSTANT_CONVERSION = YES;
				CLANG_WARN_DIRECT_OBJC_ISA_USAGE = YES_ERROR;
				CLANG_WARN_EMPTY_BODY = YES;
				CLANG_WARN_ENUM_CONVERSION = YES;
				CLANG_WARN_INT_CONVERSION = YES;
				CLANG_WARN_OBJC_ROOT_CLASS = YES_ERROR;
				CLANG_WARN_UNREACHABLE_CODE = YES;
				CLANG_WARN__DUPLICATE_METHOD_MATCH = YES;
				"CODE_SIGN_IDENTITY[sdk=iphoneos*]" = "iPhone Developer";
				COPY_PHASE_STRIP = NO;
				DEBUG_INFORMATION_FORMAT = dwarf;
				ENABLE_STRICT_OBJC_MSGSEND = YES;
				ENABLE_TESTABILITY = YES;
				GCC_C_LANGUAGE_STANDARD = gnu99;
				GCC_DYNAMIC_NO_PIC = NO;
				GCC_NO_COMMON_BLOCKS = YES;
				GCC_OPTIMIZATION_LEVEL = 0;
				GCC_PREPROCESSOR_DEFINITIONS = (
					"DEBUG=1",
					"$(inherited)",
				);
				GCC_WARN_64_TO_32_BIT_CONVERSION = YES;
				GCC_WARN_ABOUT_RETURN_TYPE = YES_ERROR;
				GCC_WARN_UNDECLARED_SELECTOR = YES;
				GCC_WARN_UNINITIALIZED_AUTOS = YES_AGGRESSIVE;
				GCC_WARN_UNUSED_FUNCTION = YES;
				GCC_WARN_UNUSED_VARIABLE = YES;
				IPHONEOS_DEPLOYMENT_TARGET = 9.3;
				MTL_ENABLE_DEBUG_INFO = YES;
				ONLY_ACTIVE_ARCH = YES;
				SDKROOT = iphoneos;
				SWIFT_OPTIMIZATION_LEVEL = "-Onone";
				TARGETED_DEVICE_FAMILY = "1,2";
			};
			name = Debug;
		};
		FA2FD9F41D1149870003327A /* Release */ = {
			isa = XCBuildConfiguration;
			buildSettings = {
				ALWAYS_SEARCH_USER_PATHS = NO;
				CLANG_ANALYZER_NONNULL = YES;
				CLANG_CXX_LANGUAGE_STANDARD = "gnu++0x";
				CLANG_CXX_LIBRARY = "libc++";
				CLANG_ENABLE_MODULES = YES;
				CLANG_ENABLE_OBJC_ARC = YES;
				CLANG_WARN_BOOL_CONVERSION = YES;
				CLANG_WARN_CONSTANT_CONVERSION = YES;
				CLANG_WARN_DIRECT_OBJC_ISA_USAGE = YES_ERROR;
				CLANG_WARN_EMPTY_BODY = YES;
				CLANG_WARN_ENUM_CONVERSION = YES;
				CLANG_WARN_INT_CONVERSION = YES;
				CLANG_WARN_OBJC_ROOT_CLASS = YES_ERROR;
				CLANG_WARN_UNREACHABLE_CODE = YES;
				CLANG_WARN__DUPLICATE_METHOD_MATCH = YES;
				"CODE_SIGN_IDENTITY[sdk=iphoneos*]" = "iPhone Developer";
				COPY_PHASE_STRIP = NO;
				DEBUG_INFORMATION_FORMAT = "dwarf-with-dsym";
				ENABLE_NS_ASSERTIONS = NO;
				ENABLE_STRICT_OBJC_MSGSEND = YES;
				GCC_C_LANGUAGE_STANDARD = gnu99;
				GCC_NO_COMMON_BLOCKS = YES;
				GCC_WARN_64_TO_32_BIT_CONVERSION = YES;
				GCC_WARN_ABOUT_RETURN_TYPE = YES_ERROR;
				GCC_WARN_UNDECLARED_SELECTOR = YES;
				GCC_WARN_UNINITIALIZED_AUTOS = YES_AGGRESSIVE;
				GCC_WARN_UNUSED_FUNCTION = YES;
				GCC_WARN_UNUSED_VARIABLE = YES;
				IPHONEOS_DEPLOYMENT_TARGET = 9.3;
				MTL_ENABLE_DEBUG_INFO = NO;
				SDKROOT = iphoneos;
				TARGETED_DEVICE_FAMILY = "1,2";
				VALIDATE_PRODUCT = YES;
			};
			name = Release;
		};
		FA2FD9F61D1149870003327A /* Debug */ = {
			isa = XCBuildConfiguration;
			buildSettings = {
				ASSETCATALOG_COMPILER_APPICON_NAME = AppIcon;
				CLANG_ENABLE_MODULES = YES;
				CODE_SIGN_IDENTITY = "iPhone Developer";
				INFOPLIST_FILE = "$(SRCROOT)/Eaze/Supporting_Files/Info.plist";
				LD_RUNPATH_SEARCH_PATHS = "$(inherited) @executable_path/Frameworks";
				PRODUCT_BUNDLE_IDENTIFIER = nl.hangar42.eaze;
				PRODUCT_NAME = "$(TARGET_NAME)";
				SWIFT_OBJC_BRIDGING_HEADER = "Eaze/Supporting_Files/Eaze-Bridging-Header.h";
				SWIFT_OPTIMIZATION_LEVEL = "-Onone";
			};
			name = Debug;
		};
		FA2FD9F71D1149870003327A /* Release */ = {
			isa = XCBuildConfiguration;
			buildSettings = {
				ASSETCATALOG_COMPILER_APPICON_NAME = AppIcon;
				CLANG_ENABLE_MODULES = YES;
				CODE_SIGN_IDENTITY = "iPhone Developer";
				INFOPLIST_FILE = "$(SRCROOT)/Eaze/Supporting_Files/Info.plist";
				LD_RUNPATH_SEARCH_PATHS = "$(inherited) @executable_path/Frameworks";
				PRODUCT_BUNDLE_IDENTIFIER = nl.hangar42.eaze;
				PRODUCT_NAME = "$(TARGET_NAME)";
				SWIFT_OBJC_BRIDGING_HEADER = "Eaze/Supporting_Files/Eaze-Bridging-Header.h";
			};
			name = Release;
		};
/* End XCBuildConfiguration section */

/* Begin XCConfigurationList section */
		FA2FD9DE1D1149870003327A /* Build configuration list for PBXProject "Eaze" */ = {
			isa = XCConfigurationList;
			buildConfigurations = (
				FA2FD9F31D1149870003327A /* Debug */,
				FA2FD9F41D1149870003327A /* Release */,
			);
			defaultConfigurationIsVisible = 0;
			defaultConfigurationName = Release;
		};
		FA2FD9F51D1149870003327A /* Build configuration list for PBXNativeTarget "Eaze" */ = {
			isa = XCConfigurationList;
			buildConfigurations = (
				FA2FD9F61D1149870003327A /* Debug */,
				FA2FD9F71D1149870003327A /* Release */,
			);
			defaultConfigurationIsVisible = 0;
			defaultConfigurationName = Release;
		};
/* End XCConfigurationList section */
	};
	rootObject = FA2FD9DB1D1149870003327A /* Project object */;
}
